
Microsoft Visual Studio Solution File, Format Version 12.00
# Visual Studio Version 17
VisualStudioVersion = 17.2.32616.157
MinimumVisualStudioVersion = 10.0.40219.1
Project("{FAE04EC0-301F-11D3-BF4B-00C04F79EFBC}") = "MSRepairs", "MSRepairs\MSRepairs.csproj", "{D791C811-CD19-4E15-9284-6CA0838AF6EB}"
EndProject
Global
	GlobalSection(SolutionConfigurationPlatforms) = preSolution
		Debug|Any CPU = Debug|Any CPU
		Release|Any CPU = Release|Any CPU
	EndGlobalSection
	GlobalSection(ProjectConfigurationPlatforms) = postSolution
		{D791C811-CD19-4E15-9284-6CA0838AF6EB}.Debug|Any CPU.ActiveCfg = Debug|Any CPU
		{D791C811-CD19-4E15-9284-6CA0838AF6EB}.Debug|Any CPU.Build.0 = Debug|Any CPU
		{D791C811-CD19-4E15-9284-6CA0838AF6EB}.Release|Any CPU.ActiveCfg = Release|Any CPU
		{D791C811-CD19-4E15-9284-6CA0838AF6EB}.Release|Any CPU.Build.0 = Release|Any CPU
	EndGlobalSection
	GlobalSection(SolutionProperties) = preSolution
		HideSolutionNode = FALSE
	EndGlobalSection
	GlobalSection(ExtensibilityGlobals) = postSolution
		SolutionGuid = {079D5CBB-5377-49C7-A66A-B4BD83C9994C}
	EndGlobalSection
EndGlobal
